
Microsoft Visual Studio Solution File, Format Version 12.00
# Visual Studio 15
VisualStudioVersion = 15.0.26730.16
MinimumVisualStudioVersion = 10.0.40219.1
Project("{FAE04EC0-301F-11D3-BF4B-00C04F79EFBC}") = "ClientServerInterface", "Client_Server_Interface\ClientServerInterface.csproj", "{2E2EC792-C84B-4DF0-BFA7-F4B94C52D42B}"
EndProject
Project("{FAE04EC0-301F-11D3-BF4B-00C04F79EFBC}") = "OGP_PacMan_Client", "OGP_PacMan_Client\OGP_PacMan_Client.csproj", "{ECE5A838-E181-493A-B9A2-6ADD01DE37F6}"
EndProject
Project("{FAE04EC0-301F-11D3-BF4B-00C04F79EFBC}") = "OGP_PacMan_Server", "OGP_PacMan_Server\OGP_PacMan_Server.csproj", "{8546596E-F20B-4EBB-8A53-72C2F660329E}"
EndProject
Project("{FAE04EC0-301F-11D3-BF4B-00C04F79EFBC}") = "PuppetMaster", "PuppetMaster\PuppetMaster.csproj", "{65B93994-4490-450B-BE76-3B9DD8CECC15}"
EndProject
Project("{FAE04EC0-301F-11D3-BF4B-00C04F79EFBC}") = "ProcessCreationService", "ProcessCreationService\ProcessCreationService.csproj", "{ECCD6F9D-F64C-4E0E-9F4F-88BFCEF9B692}"
EndProject
Global
	GlobalSection(SolutionConfigurationPlatforms) = preSolution
		Debug|Any CPU = Debug|Any CPU
		Release|Any CPU = Release|Any CPU
	EndGlobalSection
	GlobalSection(ProjectConfigurationPlatforms) = postSolution
		{2E2EC792-C84B-4DF0-BFA7-F4B94C52D42B}.Debug|Any CPU.ActiveCfg = Debug|Any CPU
		{2E2EC792-C84B-4DF0-BFA7-F4B94C52D42B}.Debug|Any CPU.Build.0 = Debug|Any CPU
		{2E2EC792-C84B-4DF0-BFA7-F4B94C52D42B}.Release|Any CPU.ActiveCfg = Release|Any CPU
		{2E2EC792-C84B-4DF0-BFA7-F4B94C52D42B}.Release|Any CPU.Build.0 = Release|Any CPU
		{ECE5A838-E181-493A-B9A2-6ADD01DE37F6}.Debug|Any CPU.ActiveCfg = Debug|Any CPU
		{ECE5A838-E181-493A-B9A2-6ADD01DE37F6}.Debug|Any CPU.Build.0 = Debug|Any CPU
		{ECE5A838-E181-493A-B9A2-6ADD01DE37F6}.Release|Any CPU.ActiveCfg = Release|Any CPU
		{ECE5A838-E181-493A-B9A2-6ADD01DE37F6}.Release|Any CPU.Build.0 = Release|Any CPU
		{8546596E-F20B-4EBB-8A53-72C2F660329E}.Debug|Any CPU.ActiveCfg = Debug|Any CPU
		{8546596E-F20B-4EBB-8A53-72C2F660329E}.Debug|Any CPU.Build.0 = Debug|Any CPU
		{8546596E-F20B-4EBB-8A53-72C2F660329E}.Release|Any CPU.ActiveCfg = Release|Any CPU
		{8546596E-F20B-4EBB-8A53-72C2F660329E}.Release|Any CPU.Build.0 = Release|Any CPU
		{65B93994-4490-450B-BE76-3B9DD8CECC15}.Debug|Any CPU.ActiveCfg = Debug|Any CPU
		{65B93994-4490-450B-BE76-3B9DD8CECC15}.Debug|Any CPU.Build.0 = Debug|Any CPU
		{65B93994-4490-450B-BE76-3B9DD8CECC15}.Release|Any CPU.ActiveCfg = Release|Any CPU
		{65B93994-4490-450B-BE76-3B9DD8CECC15}.Release|Any CPU.Build.0 = Release|Any CPU
		{ECCD6F9D-F64C-4E0E-9F4F-88BFCEF9B692}.Debug|Any CPU.ActiveCfg = Debug|Any CPU
		{ECCD6F9D-F64C-4E0E-9F4F-88BFCEF9B692}.Debug|Any CPU.Build.0 = Debug|Any CPU
		{ECCD6F9D-F64C-4E0E-9F4F-88BFCEF9B692}.Release|Any CPU.ActiveCfg = Release|Any CPU
		{ECCD6F9D-F64C-4E0E-9F4F-88BFCEF9B692}.Release|Any CPU.Build.0 = Release|Any CPU
	EndGlobalSection
	GlobalSection(SolutionProperties) = preSolution
		HideSolutionNode = FALSE
	EndGlobalSection
	GlobalSection(ExtensibilityGlobals) = postSolution
		SolutionGuid = {0BB422C8-269A-498A-9801-6FB1DA0243A4}
	EndGlobalSection
EndGlobal
